
Microsoft Visual Studio Solution File, Format Version 12.00
# Visual Studio Version 17
VisualStudioVersion = 17.8.34511.84
MinimumVisualStudioVersion = 10.0.40219.1
Project("{FAE04EC0-301F-11D3-BF4B-00C04F79EFBC}") = "COMP003A.Assignment3", "COMP003A.Assignment3.csproj", "{D7B77AFC-7FF0-4E1B-97D8-54B7A1DDD41E}"
EndProject
Global
	GlobalSection(SolutionConfigurationPlatforms) = preSolution
		Debug|Any CPU = Debug|Any CPU
		Release|Any CPU = Release|Any CPU
	EndGlobalSection
	GlobalSection(ProjectConfigurationPlatforms) = postSolution
		{D7B77AFC-7FF0-4E1B-97D8-54B7A1DDD41E}.Debug|Any CPU.ActiveCfg = Debug|Any CPU
		{D7B77AFC-7FF0-4E1B-97D8-54B7A1DDD41E}.Debug|Any CPU.Build.0 = Debug|Any CPU
		{D7B77AFC-7FF0-4E1B-97D8-54B7A1DDD41E}.Release|Any CPU.ActiveCfg = Release|Any CPU
		{D7B77AFC-7FF0-4E1B-97D8-54B7A1DDD41E}.Release|Any CPU.Build.0 = Release|Any CPU
	EndGlobalSection
	GlobalSection(SolutionProperties) = preSolution
		HideSolutionNode = FALSE
	EndGlobalSection
	GlobalSection(ExtensibilityGlobals) = postSolution
		SolutionGuid = {90DAA948-F78B-466A-A3EC-B63A8BE4A266}
	EndGlobalSection
EndGlobal
